
Microsoft Visual Studio Solution File, Format Version 12.00
# Visual Studio Version 16
VisualStudioVersion = 16.0.30907.101
MinimumVisualStudioVersion = 10.0.40219.1
Project("{FAE04EC0-301F-11D3-BF4B-00C04F79EFBC}") = "HW1", "HW1\HW1.csproj", "{3C351669-AAF1-469C-A5FD-3D72ED1DE224}"
EndProject
Project("{FAE04EC0-301F-11D3-BF4B-00C04F79EFBC}") = "HW2", "HW2\HW2.csproj", "{7CA247A3-7112-4324-92C0-174F61A930D4}"
EndProject
Project("{FAE04EC0-301F-11D3-BF4B-00C04F79EFBC}") = "HW2_Tests", "HW2_Tests\HW2_Tests.csproj", "{08A64772-57DB-446D-A4D3-FB77DB353D64}"
EndProject
Project("{9A19103F-16F7-4668-BE54-9A1E7A4F7556}") = "HW4", "HW4\HW4.csproj", "{38AECEE3-911C-4347-8B8D-04C96A834F15}"
EndProject
Project("{9A19103F-16F7-4668-BE54-9A1E7A4F7556}") = "HW5-2", "HW5-2\HW5-2.csproj", "{79E5214C-AF62-450C-80CF-6EE6A01C18B3}"
EndProject
Project("{FAE04EC0-301F-11D3-BF4B-00C04F79EFBC}") = "HW5-1", "HW5-1\HW5-1.csproj", "{D54CF327-3997-44D2-81FA-0AC6F55F14F9}"
EndProject
Project("{9A19103F-16F7-4668-BE54-9A1E7A4F7556}") = "HW6", "HW6\HW6.csproj", "{4E759962-E423-4B71-9447-D0CC0F7B48A9}"
EndProject
Project("{FAE04EC0-301F-11D3-BF4B-00C04F79EFBC}") = "HW6-3", "HW6-3\HW6-3.csproj", "{B9B6E90C-1DD5-43F9-BF22-82A2AA14D187}"
EndProject
Project("{9A19103F-16F7-4668-BE54-9A1E7A4F7556}") = "HW7", "HW7\HW7.csproj", "{DAADC42C-FBB8-4F89-A2E8-DE71174D6BB3}"
EndProject
Project("{FAE04EC0-301F-11D3-BF4B-00C04F79EFBC}") = "HW9", "HW9\HW9.csproj", "{6E3DCC59-9459-4336-8826-5391C0962AE1}"
EndProject
Project("{FAE04EC0-301F-11D3-BF4B-00C04F79EFBC}") = "HW10", "HW10\HW10.csproj", "{D1B98DB5-01A3-4C78-9BBB-538F6C71C54E}"
EndProject
Project("{FAE04EC0-301F-11D3-BF4B-00C04F79EFBC}") = "HW10_1", "HW10_1\HW10_1.csproj", "{FAE21069-7714-4CB8-A487-E2504402545C}"
EndProject
Project("{FAE04EC0-301F-11D3-BF4B-00C04F79EFBC}") = "HW10_3", "HW10_3\HW10_3.csproj", "{13982F64-1C74-4521-815F-E2E80EE2BE93}"
EndProject
Project("{FAE04EC0-301F-11D3-BF4B-00C04F79EFBC}") = "HW10_4", "HW10_4\HW10_4.csproj", "{3DBC63DF-73B9-4EF0-8AD7-4447C9EC2119}"
EndProject
Global
	GlobalSection(SolutionConfigurationPlatforms) = preSolution
		Debug|Any CPU = Debug|Any CPU
		Release|Any CPU = Release|Any CPU
	EndGlobalSection
	GlobalSection(ProjectConfigurationPlatforms) = postSolution
		{3C351669-AAF1-469C-A5FD-3D72ED1DE224}.Debug|Any CPU.ActiveCfg = Debug|Any CPU
		{3C351669-AAF1-469C-A5FD-3D72ED1DE224}.Debug|Any CPU.Build.0 = Debug|Any CPU
		{3C351669-AAF1-469C-A5FD-3D72ED1DE224}.Release|Any CPU.ActiveCfg = Release|Any CPU
		{3C351669-AAF1-469C-A5FD-3D72ED1DE224}.Release|Any CPU.Build.0 = Release|Any CPU
		{7CA247A3-7112-4324-92C0-174F61A930D4}.Debug|Any CPU.ActiveCfg = Debug|Any CPU
		{7CA247A3-7112-4324-92C0-174F61A930D4}.Debug|Any CPU.Build.0 = Debug|Any CPU
		{7CA247A3-7112-4324-92C0-174F61A930D4}.Release|Any CPU.ActiveCfg = Release|Any CPU
		{7CA247A3-7112-4324-92C0-174F61A930D4}.Release|Any CPU.Build.0 = Release|Any CPU
		{08A64772-57DB-446D-A4D3-FB77DB353D64}.Debug|Any CPU.ActiveCfg = Debug|Any CPU
		{08A64772-57DB-446D-A4D3-FB77DB353D64}.Debug|Any CPU.Build.0 = Debug|Any CPU
		{08A64772-57DB-446D-A4D3-FB77DB353D64}.Release|Any CPU.ActiveCfg = Release|Any CPU
		{08A64772-57DB-446D-A4D3-FB77DB353D64}.Release|Any CPU.Build.0 = Release|Any CPU
		{38AECEE3-911C-4347-8B8D-04C96A834F15}.Debug|Any CPU.ActiveCfg = Debug|Any CPU
		{38AECEE3-911C-4347-8B8D-04C96A834F15}.Debug|Any CPU.Build.0 = Debug|Any CPU
		{38AECEE3-911C-4347-8B8D-04C96A834F15}.Release|Any CPU.ActiveCfg = Release|Any CPU
		{38AECEE3-911C-4347-8B8D-04C96A834F15}.Release|Any CPU.Build.0 = Release|Any CPU
		{79E5214C-AF62-450C-80CF-6EE6A01C18B3}.Debug|Any CPU.ActiveCfg = Debug|Any CPU
		{79E5214C-AF62-450C-80CF-6EE6A01C18B3}.Debug|Any CPU.Build.0 = Debug|Any CPU
		{79E5214C-AF62-450C-80CF-6EE6A01C18B3}.Release|Any CPU.ActiveCfg = Release|Any CPU
		{79E5214C-AF62-450C-80CF-6EE6A01C18B3}.Release|Any CPU.Build.0 = Release|Any CPU
		{D54CF327-3997-44D2-81FA-0AC6F55F14F9}.Debug|Any CPU.ActiveCfg = Debug|Any CPU
		{D54CF327-3997-44D2-81FA-0AC6F55F14F9}.Debug|Any CPU.Build.0 = Debug|Any CPU
		{D54CF327-3997-44D2-81FA-0AC6F55F14F9}.Release|Any CPU.ActiveCfg = Release|Any CPU
		{D54CF327-3997-44D2-81FA-0AC6F55F14F9}.Release|Any CPU.Build.0 = Release|Any CPU
		{4E759962-E423-4B71-9447-D0CC0F7B48A9}.Debug|Any CPU.ActiveCfg = Debug|Any CPU
		{4E759962-E423-4B71-9447-D0CC0F7B48A9}.Debug|Any CPU.Build.0 = Debug|Any CPU
		{4E759962-E423-4B71-9447-D0CC0F7B48A9}.Release|Any CPU.ActiveCfg = Release|Any CPU
		{4E759962-E423-4B71-9447-D0CC0F7B48A9}.Release|Any CPU.Build.0 = Release|Any CPU
		{B9B6E90C-1DD5-43F9-BF22-82A2AA14D187}.Debug|Any CPU.ActiveCfg = Debug|Any CPU
		{B9B6E90C-1DD5-43F9-BF22-82A2AA14D187}.Debug|Any CPU.Build.0 = Debug|Any CPU
		{B9B6E90C-1DD5-43F9-BF22-82A2AA14D187}.Release|Any CPU.ActiveCfg = Release|Any CPU
		{B9B6E90C-1DD5-43F9-BF22-82A2AA14D187}.Release|Any CPU.Build.0 = Release|Any CPU
		{DAADC42C-FBB8-4F89-A2E8-DE71174D6BB3}.Debug|Any CPU.ActiveCfg = Debug|Any CPU
		{DAADC42C-FBB8-4F89-A2E8-DE71174D6BB3}.Debug|Any CPU.Build.0 = Debug|Any CPU
		{DAADC42C-FBB8-4F89-A2E8-DE71174D6BB3}.Release|Any CPU.ActiveCfg = Release|Any CPU
		{DAADC42C-FBB8-4F89-A2E8-DE71174D6BB3}.Release|Any CPU.Build.0 = Release|Any CPU
		{6E3DCC59-9459-4336-8826-5391C0962AE1}.Debug|Any CPU.ActiveCfg = Debug|Any CPU
		{6E3DCC59-9459-4336-8826-5391C0962AE1}.Debug|Any CPU.Build.0 = Debug|Any CPU
		{6E3DCC59-9459-4336-8826-5391C0962AE1}.Release|Any CPU.ActiveCfg = Release|Any CPU
		{6E3DCC59-9459-4336-8826-5391C0962AE1}.Release|Any CPU.Build.0 = Release|Any CPU
		{D1B98DB5-01A3-4C78-9BBB-538F6C71C54E}.Debug|Any CPU.ActiveCfg = Debug|Any CPU
		{D1B98DB5-01A3-4C78-9BBB-538F6C71C54E}.Debug|Any CPU.Build.0 = Debug|Any CPU
		{D1B98DB5-01A3-4C78-9BBB-538F6C71C54E}.Release|Any CPU.ActiveCfg = Release|Any CPU
		{D1B98DB5-01A3-4C78-9BBB-538F6C71C54E}.Release|Any CPU.Build.0 = Release|Any CPU
		{FAE21069-7714-4CB8-A487-E2504402545C}.Debug|Any CPU.ActiveCfg = Debug|Any CPU
		{FAE21069-7714-4CB8-A487-E2504402545C}.Debug|Any CPU.Build.0 = Debug|Any CPU
		{FAE21069-7714-4CB8-A487-E2504402545C}.Release|Any CPU.ActiveCfg = Release|Any CPU
		{FAE21069-7714-4CB8-A487-E2504402545C}.Release|Any CPU.Build.0 = Release|Any CPU
		{13982F64-1C74-4521-815F-E2E80EE2BE93}.Debug|Any CPU.ActiveCfg = Debug|Any CPU
		{13982F64-1C74-4521-815F-E2E80EE2BE93}.Debug|Any CPU.Build.0 = Debug|Any CPU
		{13982F64-1C74-4521-815F-E2E80EE2BE93}.Release|Any CPU.ActiveCfg = Release|Any CPU
		{13982F64-1C74-4521-815F-E2E80EE2BE93}.Release|Any CPU.Build.0 = Release|Any CPU
		{3DBC63DF-73B9-4EF0-8AD7-4447C9EC2119}.Debug|Any CPU.ActiveCfg = Debug|Any CPU
		{3DBC63DF-73B9-4EF0-8AD7-4447C9EC2119}.Debug|Any CPU.Build.0 = Debug|Any CPU
		{3DBC63DF-73B9-4EF0-8AD7-4447C9EC2119}.Release|Any CPU.ActiveCfg = Release|Any CPU
		{3DBC63DF-73B9-4EF0-8AD7-4447C9EC2119}.Release|Any CPU.Build.0 = Release|Any CPU
	EndGlobalSection
	GlobalSection(SolutionProperties) = preSolution
		HideSolutionNode = FALSE
	EndGlobalSection
	GlobalSection(ExtensibilityGlobals) = postSolution
		SolutionGuid = {23F0DF20-3496-472E-8B39-BEA1BA629AED}
	EndGlobalSection
EndGlobal
